// !$*UTF8*$!
{
	archiveVersion = 1;
	classes = {
	};
	objectVersion = 56;
	objects = {

/* Begin PBXBuildFile section */
		814221F72B3FE40C00DEBDDC /* AppDelegate.swift in Sources */ = {isa = PBXBuildFile; fileRef = 814221F62B3FE40C00DEBDDC /* AppDelegate.swift */; };
		814221F92B3FE40C00DEBDDC /* SceneDelegate.swift in Sources */ = {isa = PBXBuildFile; fileRef = 814221F82B3FE40C00DEBDDC /* SceneDelegate.swift */; };
		814221FB2B3FE40C00DEBDDC /* ViewController.swift in Sources */ = {isa = PBXBuildFile; fileRef = 814221FA2B3FE40C00DEBDDC /* ViewController.swift */; };
		814221FE2B3FE40C00DEBDDC /* Main.storyboard in Resources */ = {isa = PBXBuildFile; fileRef = 814221FC2B3FE40C00DEBDDC /* Main.storyboard */; };
		814222002B3FE40D00DEBDDC /* Assets.xcassets in Resources */ = {isa = PBXBuildFile; fileRef = 814221FF2B3FE40D00DEBDDC /* Assets.xcassets */; };
		814222032B3FE40D00DEBDDC /* LaunchScreen.storyboard in Resources */ = {isa = PBXBuildFile; fileRef = 814222012B3FE40D00DEBDDC /* LaunchScreen.storyboard */; };
		8142220E2B3FE40D00DEBDDC /* instagram2Tests.swift in Sources */ = {isa = PBXBuildFile; fileRef = 8142220D2B3FE40D00DEBDDC /* instagram2Tests.swift */; };
		814222182B3FE40D00DEBDDC /* instagram2UITests.swift in Sources */ = {isa = PBXBuildFile; fileRef = 814222172B3FE40D00DEBDDC /* instagram2UITests.swift */; };
		8142221A2B3FE40D00DEBDDC /* instagram2UITestsLaunchTests.swift in Sources */ = {isa = PBXBuildFile; fileRef = 814222192B3FE40D00DEBDDC /* instagram2UITestsLaunchTests.swift */; };
		814222272B3FE43800DEBDDC /* HomeView.swift in Sources */ = {isa = PBXBuildFile; fileRef = 814222262B3FE43800DEBDDC /* HomeView.swift */; };
		814222362B4029C800DEBDDC /* StoryView.swift in Sources */ = {isa = PBXBuildFile; fileRef = 814222352B4029C800DEBDDC /* StoryView.swift */; };
		814222382B412E7200DEBDDC /* StoryViewController.swift in Sources */ = {isa = PBXBuildFile; fileRef = 814222372B412E7200DEBDDC /* StoryViewController.swift */; };
/* End PBXBuildFile section */

/* Begin PBXContainerItemProxy section */
		8142220A2B3FE40D00DEBDDC /* PBXContainerItemProxy */ = {
			isa = PBXContainerItemProxy;
			containerPortal = 814221EB2B3FE40C00DEBDDC /* Project object */;
			proxyType = 1;
			remoteGlobalIDString = 814221F22B3FE40C00DEBDDC;
			remoteInfo = instagram2;
		};
		814222142B3FE40D00DEBDDC /* PBXContainerItemProxy */ = {
			isa = PBXContainerItemProxy;
			containerPortal = 814221EB2B3FE40C00DEBDDC /* Project object */;
			proxyType = 1;
			remoteGlobalIDString = 814221F22B3FE40C00DEBDDC;
			remoteInfo = instagram2;
		};
/* End PBXContainerItemProxy section */

/* Begin PBXFileReference section */
		814221F32B3FE40C00DEBDDC /* instagram2.app */ = {isa = PBXFileReference; explicitFileType = wrapper.application; includeInIndex = 0; path = instagram2.app; sourceTree = BUILT_PRODUCTS_DIR; };
		814221F62B3FE40C00DEBDDC /* AppDelegate.swift */ = {isa = PBXFileReference; lastKnownFileType = sourcecode.swift; path = AppDelegate.swift; sourceTree = "<group>"; };
		814221F82B3FE40C00DEBDDC /* SceneDelegate.swift */ = {isa = PBXFileReference; lastKnownFileType = sourcecode.swift; path = SceneDelegate.swift; sourceTree = "<group>"; };
		814221FA2B3FE40C00DEBDDC /* ViewController.swift */ = {isa = PBXFileReference; lastKnownFileType = sourcecode.swift; path = ViewController.swift; sourceTree = "<group>"; };
		814221FD2B3FE40C00DEBDDC /* Base */ = {isa = PBXFileReference; lastKnownFileType = file.storyboard; name = Base; path = Base.lproj/Main.storyboard; sourceTree = "<group>"; };
		814221FF2B3FE40D00DEBDDC /* Assets.xcassets */ = {isa = PBXFileReference; lastKnownFileType = folder.assetcatalog; path = Assets.xcassets; sourceTree = "<group>"; };
		814222022B3FE40D00DEBDDC /* Base */ = {isa = PBXFileReference; lastKnownFileType = file.storyboard; name = Base; path = Base.lproj/LaunchScreen.storyboard; sourceTree = "<group>"; };
		814222042B3FE40D00DEBDDC /* Info.plist */ = {isa = PBXFileReference; lastKnownFileType = text.plist.xml; path = Info.plist; sourceTree = "<group>"; };
		814222092B3FE40D00DEBDDC /* instagram2Tests.xctest */ = {isa = PBXFileReference; explicitFileType = wrapper.cfbundle; includeInIndex = 0; path = instagram2Tests.xctest; sourceTree = BUILT_PRODUCTS_DIR; };
		8142220D2B3FE40D00DEBDDC /* instagram2Tests.swift */ = {isa = PBXFileReference; lastKnownFileType = sourcecode.swift; path = instagram2Tests.swift; sourceTree = "<group>"; };
		814222132B3FE40D00DEBDDC /* instagram2UITests.xctest */ = {isa = PBXFileReference; explicitFileType = wrapper.cfbundle; includeInIndex = 0; path = instagram2UITests.xctest; sourceTree = BUILT_PRODUCTS_DIR; };
		814222172B3FE40D00DEBDDC /* instagram2UITests.swift */ = {isa = PBXFileReference; lastKnownFileType = sourcecode.swift; path = instagram2UITests.swift; sourceTree = "<group>"; };
		814222192B3FE40D00DEBDDC /* instagram2UITestsLaunchTests.swift */ = {isa = PBXFileReference; lastKnownFileType = sourcecode.swift; path = instagram2UITestsLaunchTests.swift; sourceTree = "<group>"; };
		814222262B3FE43800DEBDDC /* HomeView.swift */ = {isa = PBXFileReference; fileEncoding = 4; lastKnownFileType = sourcecode.swift; path = HomeView.swift; sourceTree = "<group>"; };
		814222352B4029C800DEBDDC /* StoryView.swift */ = {isa = PBXFileReference; lastKnownFileType = sourcecode.swift; path = StoryView.swift; sourceTree = "<group>"; };
		814222372B412E7200DEBDDC /* StoryViewController.swift */ = {isa = PBXFileReference; lastKnownFileType = sourcecode.swift; path = StoryViewController.swift; sourceTree = "<group>"; };
/* End PBXFileReference section */

/* Begin PBXFrameworksBuildPhase section */
		814221F02B3FE40C00DEBDDC /* Frameworks */ = {
			isa = PBXFrameworksBuildPhase;
			buildActionMask = 2147483647;
			files = (
			);
			runOnlyForDeploymentPostprocessing = 0;
		};
		814222062B3FE40D00DEBDDC /* Frameworks */ = {
			isa = PBXFrameworksBuildPhase;
			buildActionMask = 2147483647;
			files = (
			);
			runOnlyForDeploymentPostprocessing = 0;
		};
		814222102B3FE40D00DEBDDC /* Frameworks */ = {
			isa = PBXFrameworksBuildPhase;
			buildActionMask = 2147483647;
			files = (
			);
			runOnlyForDeploymentPostprocessing = 0;
		};
/* End PBXFrameworksBuildPhase section */

/* Begin PBXGroup section */
		814221EA2B3FE40C00DEBDDC = {
			isa = PBXGroup;
			children = (
				814221F52B3FE40C00DEBDDC /* instagram2 */,
				8142220C2B3FE40D00DEBDDC /* instagram2Tests */,
				814222162B3FE40D00DEBDDC /* instagram2UITests */,
				814221F42B3FE40C00DEBDDC /* Products */,
			);
			sourceTree = "<group>";
		};
		814221F42B3FE40C00DEBDDC /* Products */ = {
			isa = PBXGroup;
			children = (
				814221F32B3FE40C00DEBDDC /* instagram2.app */,
				814222092B3FE40D00DEBDDC /* instagram2Tests.xctest */,
				814222132B3FE40D00DEBDDC /* instagram2UITests.xctest */,
			);
			name = Products;
			sourceTree = "<group>";
		};
		814221F52B3FE40C00DEBDDC /* instagram2 */ = {
			isa = PBXGroup;
			children = (
				814222342B4029AA00DEBDDC /* Cell */,
				814221F62B3FE40C00DEBDDC /* AppDelegate.swift */,
				814221F82B3FE40C00DEBDDC /* SceneDelegate.swift */,
				814221FA2B3FE40C00DEBDDC /* ViewController.swift */,
				814221FC2B3FE40C00DEBDDC /* Main.storyboard */,
				814221FF2B3FE40D00DEBDDC /* Assets.xcassets */,
				814222012B3FE40D00DEBDDC /* LaunchScreen.storyboard */,
				814222042B3FE40D00DEBDDC /* Info.plist */,
				814222372B412E7200DEBDDC /* StoryViewController.swift */,
			);
			path = instagram2;
			sourceTree = "<group>";
		};
		8142220C2B3FE40D00DEBDDC /* instagram2Tests */ = {
			isa = PBXGroup;
			children = (
				8142220D2B3FE40D00DEBDDC /* instagram2Tests.swift */,
			);
			path = instagram2Tests;
			sourceTree = "<group>";
		};
		814222162B3FE40D00DEBDDC /* instagram2UITests */ = {
			isa = PBXGroup;
			children = (
				814222172B3FE40D00DEBDDC /* instagram2UITests.swift */,
				814222192B3FE40D00DEBDDC /* instagram2UITestsLaunchTests.swift */,
			);
			path = instagram2UITests;
			sourceTree = "<group>";
		};
		814222342B4029AA00DEBDDC /* Cell */ = {
			isa = PBXGroup;
			children = (
				814222262B3FE43800DEBDDC /* HomeView.swift */,
				814222352B4029C800DEBDDC /* StoryView.swift */,
			);
			path = Cell;
			sourceTree = "<group>";
		};
/* End PBXGroup section */

/* Begin PBXNativeTarget section */
		814221F22B3FE40C00DEBDDC /* instagram2 */ = {
			isa = PBXNativeTarget;
			buildConfigurationList = 8142221D2B3FE40D00DEBDDC /* Build configuration list for PBXNativeTarget "instagram2" */;
			buildPhases = (
				814221EF2B3FE40C00DEBDDC /* Sources */,
				814221F02B3FE40C00DEBDDC /* Frameworks */,
				814221F12B3FE40C00DEBDDC /* Resources */,
			);
			buildRules = (
			);
			dependencies = (
			);
			name = instagram2;
			productName = instagram2;
			productReference = 814221F32B3FE40C00DEBDDC /* instagram2.app */;
			productType = "com.apple.product-type.application";
		};
		814222082B3FE40D00DEBDDC /* instagram2Tests */ = {
			isa = PBXNativeTarget;
			buildConfigurationList = 814222202B3FE40D00DEBDDC /* Build configuration list for PBXNativeTarget "instagram2Tests" */;
			buildPhases = (
				814222052B3FE40D00DEBDDC /* Sources */,
				814222062B3FE40D00DEBDDC /* Frameworks */,
				814222072B3FE40D00DEBDDC /* Resources */,
			);
			buildRules = (
			);
			dependencies = (
				8142220B2B3FE40D00DEBDDC /* PBXTargetDependency */,
			);
			name = instagram2Tests;
			productName = instagram2Tests;
			productReference = 814222092B3FE40D00DEBDDC /* instagram2Tests.xctest */;
			productType = "com.apple.product-type.bundle.unit-test";
		};
		814222122B3FE40D00DEBDDC /* instagram2UITests */ = {
			isa = PBXNativeTarget;
			buildConfigurationList = 814222232B3FE40D00DEBDDC /* Build configuration list for PBXNativeTarget "instagram2UITests" */;
			buildPhases = (
				8142220F2B3FE40D00DEBDDC /* Sources */,
				814222102B3FE40D00DEBDDC /* Frameworks */,
				814222112B3FE40D00DEBDDC /* Resources */,
			);
			buildRules = (
			);
			dependencies = (
				814222152B3FE40D00DEBDDC /* PBXTargetDependency */,
			);
			name = instagram2UITests;
			productName = instagram2UITests;
			productReference = 814222132B3FE40D00DEBDDC /* instagram2UITests.xctest */;
			productType = "com.apple.product-type.bundle.ui-testing";
		};
/* End PBXNativeTarget section */

/* Begin PBXProject section */
		814221EB2B3FE40C00DEBDDC /* Project object */ = {
			isa = PBXProject;
			attributes = {
				BuildIndependentTargetsInParallel = 1;
				LastSwiftUpdateCheck = 1500;
				LastUpgradeCheck = 1500;
				TargetAttributes = {
					814221F22B3FE40C00DEBDDC = {
						CreatedOnToolsVersion = 15.0.1;
					};
					814222082B3FE40D00DEBDDC = {
						CreatedOnToolsVersion = 15.0.1;
						TestTargetID = 814221F22B3FE40C00DEBDDC;
					};
					814222122B3FE40D00DEBDDC = {
						CreatedOnToolsVersion = 15.0.1;
						TestTargetID = 814221F22B3FE40C00DEBDDC;
					};
				};
			};
			buildConfigurationList = 814221EE2B3FE40C00DEBDDC /* Build configuration list for PBXProject "instagram2" */;
			compatibilityVersion = "Xcode 14.0";
			developmentRegion = en;
			hasScannedForEncodings = 0;
			knownRegions = (
				en,
				Base,
			);
			mainGroup = 814221EA2B3FE40C00DEBDDC;
			productRefGroup = 814221F42B3FE40C00DEBDDC /* Products */;
			projectDirPath = "";
			projectRoot = "";
			targets = (
				814221F22B3FE40C00DEBDDC /* instagram2 */,
				814222082B3FE40D00DEBDDC /* instagram2Tests */,
				814222122B3FE40D00DEBDDC /* instagram2UITests */,
			);
		};
/* End PBXProject section */

/* Begin PBXResourcesBuildPhase section */
		814221F12B3FE40C00DEBDDC /* Resources */ = {
			isa = PBXResourcesBuildPhase;
			buildActionMask = 2147483647;
			files = (
				814222032B3FE40D00DEBDDC /* LaunchScreen.storyboard in Resources */,
				814222002B3FE40D00DEBDDC /* Assets.xcassets in Resources */,
				814221FE2B3FE40C00DEBDDC /* Main.storyboard in Resources */,
			);
			runOnlyForDeploymentPostprocessing = 0;
		};
		814222072B3FE40D00DEBDDC /* Resources */ = {
			isa = PBXResourcesBuildPhase;
			buildActionMask = 2147483647;
			files = (
			);
			runOnlyForDeploymentPostprocessing = 0;
		};
		814222112B3FE40D00DEBDDC /* Resources */ = {
			isa = PBXResourcesBuildPhase;
			buildActionMask = 2147483647;
			files = (
			);
			runOnlyForDeploymentPostprocessing = 0;
		};
/* End PBXResourcesBuildPhase section */

/* Begin PBXSourcesBuildPhase section */
		814221EF2B3FE40C00DEBDDC /* Sources */ = {
			isa = PBXSourcesBuildPhase;
			buildActionMask = 2147483647;
			files = (
				814222382B412E7200DEBDDC /* StoryViewController.swift in Sources */,
				814222362B4029C800DEBDDC /* StoryView.swift in Sources */,
				814221FB2B3FE40C00DEBDDC /* ViewController.swift in Sources */,
				814222272B3FE43800DEBDDC /* HomeView.swift in Sources */,
				814221F72B3FE40C00DEBDDC /* AppDelegate.swift in Sources */,
				814221F92B3FE40C00DEBDDC /* SceneDelegate.swift in Sources */,
			);
			runOnlyForDeploymentPostprocessing = 0;
		};
		814222052B3FE40D00DEBDDC /* Sources */ = {
			isa = PBXSourcesBuildPhase;
			buildActionMask = 2147483647;
			files = (
				8142220E2B3FE40D00DEBDDC /* instagram2Tests.swift in Sources */,
			);
			runOnlyForDeploymentPostprocessing = 0;
		};
		8142220F2B3FE40D00DEBDDC /* Sources */ = {
			isa = PBXSourcesBuildPhase;
			buildActionMask = 2147483647;
			files = (
				8142221A2B3FE40D00DEBDDC /* instagram2UITestsLaunchTests.swift in Sources */,
				814222182B3FE40D00DEBDDC /* instagram2UITests.swift in Sources */,
			);
			runOnlyForDeploymentPostprocessing = 0;
		};
/* End PBXSourcesBuildPhase section */

/* Begin PBXTargetDependency section */
		8142220B2B3FE40D00DEBDDC /* PBXTargetDependency */ = {
			isa = PBXTargetDependency;
			target = 814221F22B3FE40C00DEBDDC /* instagram2 */;
			targetProxy = 8142220A2B3FE40D00DEBDDC /* PBXContainerItemProxy */;
		};
		814222152B3FE40D00DEBDDC /* PBXTargetDependency */ = {
			isa = PBXTargetDependency;
			target = 814221F22B3FE40C00DEBDDC /* instagram2 */;
			targetProxy = 814222142B3FE40D00DEBDDC /* PBXContainerItemProxy */;
		};
/* End PBXTargetDependency section */

/* Begin PBXVariantGroup section */
		814221FC2B3FE40C00DEBDDC /* Main.storyboard */ = {
			isa = PBXVariantGroup;
			children = (
				814221FD2B3FE40C00DEBDDC /* Base */,
			);
			name = Main.storyboard;
			sourceTree = "<group>";
		};
		814222012B3FE40D00DEBDDC /* LaunchScreen.storyboard */ = {
			isa = PBXVariantGroup;
			children = (
				814222022B3FE40D00DEBDDC /* Base */,
			);
			name = LaunchScreen.storyboard;
			sourceTree = "<group>";
		};
/* End PBXVariantGroup section */

/* Begin XCBuildConfiguration section */
		8142221B2B3FE40D00DEBDDC /* Debug */ = {
			isa = XCBuildConfiguration;
			buildSettings = {
				ALWAYS_SEARCH_USER_PATHS = NO;
				ASSETCATALOG_COMPILER_GENERATE_SWIFT_ASSET_SYMBOL_EXTENSIONS = YES;
				CLANG_ANALYZER_NONNULL = YES;
				CLANG_ANALYZER_NUMBER_OBJECT_CONVERSION = YES_AGGRESSIVE;
				CLANG_CXX_LANGUAGE_STANDARD = "gnu++20";
				CLANG_ENABLE_MODULES = YES;
				CLANG_ENABLE_OBJC_ARC = YES;
				CLANG_ENABLE_OBJC_WEAK = YES;
				CLANG_WARN_BLOCK_CAPTURE_AUTORELEASING = YES;
				CLANG_WARN_BOOL_CONVERSION = YES;
				CLANG_WARN_COMMA = YES;
				CLANG_WARN_CONSTANT_CONVERSION = YES;
				CLANG_WARN_DEPRECATED_OBJC_IMPLEMENTATIONS = YES;
				CLANG_WARN_DIRECT_OBJC_ISA_USAGE = YES_ERROR;
				CLANG_WARN_DOCUMENTATION_COMMENTS = YES;
				CLANG_WARN_EMPTY_BODY = YES;
				CLANG_WARN_ENUM_CONVERSION = YES;
				CLANG_WARN_INFINITE_RECURSION = YES;
				CLANG_WARN_INT_CONVERSION = YES;
				CLANG_WARN_NON_LITERAL_NULL_CONVERSION = YES;
				CLANG_WARN_OBJC_IMPLICIT_RETAIN_SELF = YES;
				CLANG_WARN_OBJC_LITERAL_CONVERSION = YES;
				CLANG_WARN_OBJC_ROOT_CLASS = YES_ERROR;
				CLANG_WARN_QUOTED_INCLUDE_IN_FRAMEWORK_HEADER = YES;
				CLANG_WARN_RANGE_LOOP_ANALYSIS = YES;
				CLANG_WARN_STRICT_PROTOTYPES = YES;
				CLANG_WARN_SUSPICIOUS_MOVE = YES;
				CLANG_WARN_UNGUARDED_AVAILABILITY = YES_AGGRESSIVE;
				CLANG_WARN_UNREACHABLE_CODE = YES;
				CLANG_WARN__DUPLICATE_METHOD_MATCH = YES;
				COPY_PHASE_STRIP = NO;
				DEBUG_INFORMATION_FORMAT = dwarf;
				ENABLE_STRICT_OBJC_MSGSEND = YES;
				ENABLE_TESTABILITY = YES;
				ENABLE_USER_SCRIPT_SANDBOXING = YES;
				GCC_C_LANGUAGE_STANDARD = gnu17;
				GCC_DYNAMIC_NO_PIC = NO;
				GCC_NO_COMMON_BLOCKS = YES;
				GCC_OPTIMIZATION_LEVEL = 0;
				GCC_PREPROCESSOR_DEFINITIONS = (
					"DEBUG=1",
					"$(inherited)",
				);
				GCC_WARN_64_TO_32_BIT_CONVERSION = YES;
				GCC_WARN_ABOUT_RETURN_TYPE = YES_ERROR;
				GCC_WARN_UNDECLARED_SELECTOR = YES;
				GCC_WARN_UNINITIALIZED_AUTOS = YES_AGGRESSIVE;
				GCC_WARN_UNUSED_FUNCTION = YES;
				GCC_WARN_UNUSED_VARIABLE = YES;
				IPHONEOS_DEPLOYMENT_TARGET = 17.0;
				LOCALIZATION_PREFERS_STRING_CATALOGS = YES;
				MTL_ENABLE_DEBUG_INFO = INCLUDE_SOURCE;
				MTL_FAST_MATH = YES;
				ONLY_ACTIVE_ARCH = YES;
				SDKROOT = iphoneos;
				SWIFT_ACTIVE_COMPILATION_CONDITIONS = "DEBUG $(inherited)";
				SWIFT_OPTIMIZATION_LEVEL = "-Onone";
			};
			name = Debug;
		};
		8142221C2B3FE40D00DEBDDC /* Release */ = {
			isa = XCBuildConfiguration;
			buildSettings = {
				ALWAYS_SEARCH_USER_PATHS = NO;
				ASSETCATALOG_COMPILER_GENERATE_SWIFT_ASSET_SYMBOL_EXTENSIONS = YES;
				CLANG_ANALYZER_NONNULL = YES;
				CLANG_ANALYZER_NUMBER_OBJECT_CONVERSION = YES_AGGRESSIVE;
				CLANG_CXX_LANGUAGE_STANDARD = "gnu++20";
				CLANG_ENABLE_MODULES = YES;
				CLANG_ENABLE_OBJC_ARC = YES;
				CLANG_ENABLE_OBJC_WEAK = YES;
				CLANG_WARN_BLOCK_CAPTURE_AUTORELEASING = YES;
				CLANG_WARN_BOOL_CONVERSION = YES;
				CLANG_WARN_COMMA = YES;
				CLANG_WARN_CONSTANT_CONVERSION = YES;
				CLANG_WARN_DEPRECATED_OBJC_IMPLEMENTATIONS = YES;
				CLANG_WARN_DIRECT_OBJC_ISA_USAGE = YES_ERROR;
				CLANG_WARN_DOCUMENTATION_COMMENTS = YES;
				CLANG_WARN_EMPTY_BODY = YES;
				CLANG_WARN_ENUM_CONVERSION = YES;
				CLANG_WARN_INFINITE_RECURSION = YES;
				CLANG_WARN_INT_CONVERSION = YES;
				CLANG_WARN_NON_LITERAL_NULL_CONVERSION = YES;
				CLANG_WARN_OBJC_IMPLICIT_RETAIN_SELF = YES;
				CLANG_WARN_OBJC_LITERAL_CONVERSION = YES;
				CLANG_WARN_OBJC_ROOT_CLASS = YES_ERROR;
				CLANG_WARN_QUOTED_INCLUDE_IN_FRAMEWORK_HEADER = YES;
				CLANG_WARN_RANGE_LOOP_ANALYSIS = YES;
				CLANG_WARN_STRICT_PROTOTYPES = YES;
				CLANG_WARN_SUSPICIOUS_MOVE = YES;
				CLANG_WARN_UNGUARDED_AVAILABILITY = YES_AGGRESSIVE;
				CLANG_WARN_UNREACHABLE_CODE = YES;
				CLANG_WARN__DUPLICATE_METHOD_MATCH = YES;
				COPY_PHASE_STRIP = NO;
				DEBUG_INFORMATION_FORMAT = "dwarf-with-dsym";
				ENABLE_NS_ASSERTIONS = NO;
				ENABLE_STRICT_OBJC_MSGSEND = YES;
				ENABLE_USER_SCRIPT_SANDBOXING = YES;
				GCC_C_LANGUAGE_STANDARD = gnu17;
				GCC_NO_COMMON_BLOCKS = YES;
				GCC_WARN_64_TO_32_BIT_CONVERSION = YES;
				GCC_WARN_ABOUT_RETURN_TYPE = YES_ERROR;
				GCC_WARN_UNDECLARED_SELECTOR = YES;
				GCC_WARN_UNINITIALIZED_AUTOS = YES_AGGRESSIVE;
				GCC_WARN_UNUSED_FUNCTION = YES;
				GCC_WARN_UNUSED_VARIABLE = YES;
				IPHONEOS_DEPLOYMENT_TARGET = 17.0;
				LOCALIZATION_PREFERS_STRING_CATALOGS = YES;
				MTL_ENABLE_DEBUG_INFO = NO;
				MTL_FAST_MATH = YES;
				SDKROOT = iphoneos;
				SWIFT_COMPILATION_MODE = wholemodule;
				VALIDATE_PRODUCT = YES;
			};
			name = Release;
		};
		8142221E2B3FE40D00DEBDDC /* Debug */ = {
			isa = XCBuildConfiguration;
			buildSettings = {
				ASSETCATALOG_COMPILER_APPICON_NAME = AppIcon;
				ASSETCATALOG_COMPILER_GLOBAL_ACCENT_COLOR_NAME = AccentColor;
				CODE_SIGN_STYLE = Automatic;
				CURRENT_PROJECT_VERSION = 1;
				GENERATE_INFOPLIST_FILE = YES;
				INFOPLIST_FILE = instagram2/Info.plist;
				INFOPLIST_KEY_UIApplicationSupportsIndirectInputEvents = YES;
				INFOPLIST_KEY_UILaunchStoryboardName = LaunchScreen;
				INFOPLIST_KEY_UIMainStoryboardFile = Main;
				INFOPLIST_KEY_UISupportedInterfaceOrientations_iPad = "UIInterfaceOrientationPortrait UIInterfaceOrientationPortraitUpsideDown UIInterfaceOrientationLandscapeLeft UIInterfaceOrientationLandscapeRight";
				INFOPLIST_KEY_UISupportedInterfaceOrientations_iPhone = "UIInterfaceOrientationPortrait UIInterfaceOrientationLandscapeLeft UIInterfaceOrientationLandscapeRight";
				IPHONEOS_DEPLOYMENT_TARGET = 15.0;
				LD_RUNPATH_SEARCH_PATHS = (
					"$(inherited)",
					"@executable_path/Frameworks",
				);
				MARKETING_VERSION = 1.0;
				PRODUCT_BUNDLE_IDENTIFIER = com.instagram2;
				PRODUCT_NAME = "$(TARGET_NAME)";
				SWIFT_EMIT_LOC_STRINGS = YES;
				SWIFT_VERSION = 5.0;
				TARGETED_DEVICE_FAMILY = "1,2";
			};
			name = Debug;
		};
		8142221F2B3FE40D00DEBDDC /* Release */ = {
			isa = XCBuildConfiguration;
			buildSettings = {
				ASSETCATALOG_COMPILER_APPICON_NAME = AppIcon;
				ASSETCATALOG_COMPILER_GLOBAL_ACCENT_COLOR_NAME = AccentColor;
				CODE_SIGN_STYLE = Automatic;
				CURRENT_PROJECT_VERSION = 1;
				GENERATE_INFOPLIST_FILE = YES;
				INFOPLIST_FILE = instagram2/Info.plist;
				INFOPLIST_KEY_UIApplicationSupportsIndirectInputEvents = YES;
				INFOPLIST_KEY_UILaunchStoryboardName = LaunchScreen;
				INFOPLIST_KEY_UIMainStoryboardFile = Main;
				INFOPLIST_KEY_UISupportedInterfaceOrientations_iPad = "UIInterfaceOrientationPortrait UIInterfaceOrientationPortraitUpsideDown UIInterfaceOrientationLandscapeLeft UIInterfaceOrientationLandscapeRight";
				INFOPLIST_KEY_UISupportedInterfaceOrientations_iPhone = "UIInterfaceOrientationPortrait UIInterfaceOrientationLandscapeLeft UIInterfaceOrientationLandscapeRight";
				IPHONEOS_DEPLOYMENT_TARGET = 15.0;
				LD_RUNPATH_SEARCH_PATHS = (
					"$(inherited)",
					"@executable_path/Frameworks",
				);
				MARKETING_VERSION = 1.0;
				PRODUCT_BUNDLE_IDENTIFIER = com.instagram2;
				PRODUCT_NAME = "$(TARGET_NAME)";
				SWIFT_EMIT_LOC_STRINGS = YES;
				SWIFT_VERSION = 5.0;
				TARGETED_DEVICE_FAMILY = "1,2";
			};
			name = Release;
		};
		814222212B3FE40D00DEBDDC /* Debug */ = {
			isa = XCBuildConfiguration;
			buildSettings = {
				ALWAYS_EMBED_SWIFT_STANDARD_LIBRARIES = YES;
				BUNDLE_LOADER = "$(TEST_HOST)";
				CODE_SIGN_STYLE = Automatic;
				CURRENT_PROJECT_VERSION = 1;
				GENERATE_INFOPLIST_FILE = YES;
				IPHONEOS_DEPLOYMENT_TARGET = 17.0;
				MARKETING_VERSION = 1.0;
				PRODUCT_BUNDLE_IDENTIFIER = com.instagram2Tests;
				PRODUCT_NAME = "$(TARGET_NAME)";
				SWIFT_EMIT_LOC_STRINGS = NO;
				SWIFT_VERSION = 5.0;
				TARGETED_DEVICE_FAMILY = "1,2";
				TEST_HOST = "$(BUILT_PRODUCTS_DIR)/instagram2.app/$(BUNDLE_EXECUTABLE_FOLDER_PATH)/instagram2";
			};
			name = Debug;
		};
		814222222B3FE40D00DEBDDC /* Release */ = {
			isa = XCBuildConfiguration;
			buildSettings = {
				ALWAYS_EMBED_SWIFT_STANDARD_LIBRARIES = YES;
				BUNDLE_LOADER = "$(TEST_HOST)";
				CODE_SIGN_STYLE = Automatic;
				CURRENT_PROJECT_VERSION = 1;
				GENERATE_INFOPLIST_FILE = YES;
				IPHONEOS_DEPLOYMENT_TARGET = 17.0;
				MARKETING_VERSION = 1.0;
				PRODUCT_BUNDLE_IDENTIFIER = com.instagram2Tests;
				PRODUCT_NAME = "$(TARGET_NAME)";
				SWIFT_EMIT_LOC_STRINGS = NO;
				SWIFT_VERSION = 5.0;
				TARGETED_DEVICE_FAMILY = "1,2";
				TEST_HOST = "$(BUILT_PRODUCTS_DIR)/instagram2.app/$(BUNDLE_EXECUTABLE_FOLDER_PATH)/instagram2";
			};
			name = Release;
		};
		814222242B3FE40D00DEBDDC /* Debug */ = {
			isa = XCBuildConfiguration;
			buildSettings = {
				ALWAYS_EMBED_SWIFT_STANDARD_LIBRARIES = YES;
				CODE_SIGN_STYLE = Automatic;
				CURRENT_PROJECT_VERSION = 1;
				GENERATE_INFOPLIST_FILE = YES;
				MARKETING_VERSION = 1.0;
				PRODUCT_BUNDLE_IDENTIFIER = com.instagram2UITests;
				PRODUCT_NAME = "$(TARGET_NAME)";
				SWIFT_EMIT_LOC_STRINGS = NO;
				SWIFT_VERSION = 5.0;
				TARGETED_DEVICE_FAMILY = "1,2";
				TEST_TARGET_NAME = instagram2;
			};
			name = Debug;
		};
		814222252B3FE40D00DEBDDC /* Release */ = {
			isa = XCBuildConfiguration;
			buildSettings = {
				ALWAYS_EMBED_SWIFT_STANDARD_LIBRARIES = YES;
				CODE_SIGN_STYLE = Automatic;
				CURRENT_PROJECT_VERSION = 1;
				GENERATE_INFOPLIST_FILE = YES;
				MARKETING_VERSION = 1.0;
				PRODUCT_BUNDLE_IDENTIFIER = com.instagram2UITests;
				PRODUCT_NAME = "$(TARGET_NAME)";
				SWIFT_EMIT_LOC_STRINGS = NO;
				SWIFT_VERSION = 5.0;
				TARGETED_DEVICE_FAMILY = "1,2";
				TEST_TARGET_NAME = instagram2;
			};
			name = Release;
		};
/* End XCBuildConfiguration section */

/* Begin XCConfigurationList section */
		814221EE2B3FE40C00DEBDDC /* Build configuration list for PBXProject "instagram2" */ = {
			isa = XCConfigurationList;
			buildConfigurations = (
				8142221B2B3FE40D00DEBDDC /* Debug */,
				8142221C2B3FE40D00DEBDDC /* Release */,
			);
			defaultConfigurationIsVisible = 0;
			defaultConfigurationName = Release;
		};
		8142221D2B3FE40D00DEBDDC /* Build configuration list for PBXNativeTarget "instagram2" */ = {
			isa = XCConfigurationList;
			buildConfigurations = (
				8142221E2B3FE40D00DEBDDC /* Debug */,
				8142221F2B3FE40D00DEBDDC /* Release */,
			);
			defaultConfigurationIsVisible = 0;
			defaultConfigurationName = Release;
		};
		814222202B3FE40D00DEBDDC /* Build configuration list for PBXNativeTarget "instagram2Tests" */ = {
			isa = XCConfigurationList;
			buildConfigurations = (
				814222212B3FE40D00DEBDDC /* Debug */,
				814222222B3FE40D00DEBDDC /* Release */,
			);
			defaultConfigurationIsVisible = 0;
			defaultConfigurationName = Release;
		};
		814222232B3FE40D00DEBDDC /* Build configuration list for PBXNativeTarget "instagram2UITests" */ = {
			isa = XCConfigurationList;
			buildConfigurations = (
				814222242B3FE40D00DEBDDC /* Debug */,
				814222252B3FE40D00DEBDDC /* Release */,
			);
			defaultConfigurationIsVisible = 0;
			defaultConfigurationName = Release;
		};
/* End XCConfigurationList section */
	};
	rootObject = 814221EB2B3FE40C00DEBDDC /* Project object */;
}
